
Microsoft Visual Studio Solution File, Format Version 12.00
# Visual Studio Version 16
VisualStudioVersion = 16.0.30309.148
MinimumVisualStudioVersion = 10.0.40219.1
Project("{9A19103F-16F7-4668-BE54-9A1E7A4F7556}") = "GameCoreV2", "GameCoreV2\GameCoreV2.csproj", "{A6572F79-3B81-4E49-A951-D07397BDC4F5}"
EndProject
Project("{9A19103F-16F7-4668-BE54-9A1E7A4F7556}") = "Systems", "System\Systems.csproj", "{9E11E15E-DE02-4D8B-A7DB-8D83F89385BE}"
EndProject
Project("{9A19103F-16F7-4668-BE54-9A1E7A4F7556}") = "MdpLib", "MdpLib\MdpLib.csproj", "{EA8CB6CC-2F43-40A2-B195-9E15358C476A}"
EndProject
Project("{FAE04EC0-301F-11D3-BF4B-00C04F79EFBC}") = "SystemT", "SystemT\SystemT.csproj", "{138EFA49-C25B-40AF-A592-2B7B36AAC4E9}"
EndProject
Project("{9A19103F-16F7-4668-BE54-9A1E7A4F7556}") = "ModLoader", "ModLoader\ModLoader.csproj", "{5AAF4122-95BF-4036-B142-E827C1061248}"
	ProjectSection(ProjectDependencies) = postProject
		{A6572F79-3B81-4E49-A951-D07397BDC4F5} = {A6572F79-3B81-4E49-A951-D07397BDC4F5}
	EndProjectSection
EndProject
Project("{9A19103F-16F7-4668-BE54-9A1E7A4F7556}") = "Configuration", "Configuration\Configuration.csproj", "{7940CF70-2163-4FB7-99B4-99E0F16DC46F}"
EndProject
Project("{FAE04EC0-301F-11D3-BF4B-00C04F79EFBC}") = "TMdpGenerator", "TMdpGenerator\TMdpGenerator.csproj", "{DBFA755A-CBE3-4035-9E14-325F76908D1F}"
EndProject
Project("{9A19103F-16F7-4668-BE54-9A1E7A4F7556}") = "Serialization", "Serialization\Serialization.csproj", "{1B6954AE-08BC-4A78-9F03-CE4293AB3E78}"
EndProject
Project("{2150E333-8FDC-42A3-9474-1A3956D46DE8}") = "BuildingSystems", "BuildingSystems", "{103872BB-491A-4021-B398-5C1803BB34A3}"
EndProject
Project("{9A19103F-16F7-4668-BE54-9A1E7A4F7556}") = "Grid", "BuildingSystems\Grid\Grid.csproj", "{AE08D4D3-3982-4F14-ACF0-0F25109D927E}"
EndProject
Project("{2150E333-8FDC-42A3-9474-1A3956D46DE8}") = "GameScripting", "GameScripting", "{A739C4CF-30D4-4DFD-9171-677C582AD54B}"
EndProject
Project("{9A19103F-16F7-4668-BE54-9A1E7A4F7556}") = "Python", "GameScripting\PythonScripting\Python.csproj", "{2C8633F0-8877-4276-85D7-672A7A522994}"
EndProject
Project("{9A19103F-16F7-4668-BE54-9A1E7A4F7556}") = "PythonEnvironment", "GameScripting\PythonEnvironment\PythonEnvironment.csproj", "{9D6BD084-CBC0-426F-92FF-A837792F030F}"
EndProject
Project("{2150E333-8FDC-42A3-9474-1A3956D46DE8}") = "NetAlpha", "NetAlpha", "{950788CA-8651-4301-BB1E-7741952AD7EA}"
EndProject
Project("{9A19103F-16F7-4668-BE54-9A1E7A4F7556}") = "NetCommon", "NetCommon\NetCommon.csproj", "{DEFEC808-A17A-4E0D-8082-E390CDD5ED1F}"
EndProject
Project("{9A19103F-16F7-4668-BE54-9A1E7A4F7556}") = "NetServer", "NetServer\NetServer.csproj", "{3ED13022-3EE0-4158-8DA5-89136DE5FA1A}"
EndProject
Project("{9A19103F-16F7-4668-BE54-9A1E7A4F7556}") = "NetClient", "NetClient\NetClient.csproj", "{E759FB67-F09C-4B99-A88E-462ED5F4AC92}"
EndProject
Project("{9A19103F-16F7-4668-BE54-9A1E7A4F7556}") = "NetClientTest", "NetClientTest\NetClientTest.csproj", "{46923CF3-E49E-42DE-BC50-B38E2CB7D5E4}"
EndProject
Project("{9A19103F-16F7-4668-BE54-9A1E7A4F7556}") = "NetServerTest", "NetServerTest\NetServerTest.csproj", "{F7BB3FCB-54BF-4662-B4CD-239F4BF3550D}"
EndProject
Project("{2150E333-8FDC-42A3-9474-1A3956D46DE8}") = "Net", "Net", "{764D36EE-1713-4A11-866B-CE16ED17D765}"
EndProject
Project("{9A19103F-16F7-4668-BE54-9A1E7A4F7556}") = "NetCore", "NetCore\NetCore.csproj", "{91505096-220D-4890-9994-400EE9222BC7}"
EndProject
Project("{FAE04EC0-301F-11D3-BF4B-00C04F79EFBC}") = "WorldGenerationCore", "WorldGeneration\WorldGenerationCore.csproj", "{AA5B42E1-8455-4F68-B989-54BA0D462888}"
EndProject
Project("{2150E333-8FDC-42A3-9474-1A3956D46DE8}") = "WorldGeneration", "WorldGeneration", "{6595C393-31B2-4457-B017-28B13CD06418}"
EndProject
Global
	GlobalSection(SolutionConfigurationPlatforms) = preSolution
		Debug|Any CPU = Debug|Any CPU
		Release|Any CPU = Release|Any CPU
	EndGlobalSection
	GlobalSection(ProjectConfigurationPlatforms) = postSolution
		{A6572F79-3B81-4E49-A951-D07397BDC4F5}.Debug|Any CPU.ActiveCfg = Debug|Any CPU
		{A6572F79-3B81-4E49-A951-D07397BDC4F5}.Debug|Any CPU.Build.0 = Debug|Any CPU
		{A6572F79-3B81-4E49-A951-D07397BDC4F5}.Release|Any CPU.ActiveCfg = Release|Any CPU
		{A6572F79-3B81-4E49-A951-D07397BDC4F5}.Release|Any CPU.Build.0 = Release|Any CPU
		{9E11E15E-DE02-4D8B-A7DB-8D83F89385BE}.Debug|Any CPU.ActiveCfg = Debug|Any CPU
		{9E11E15E-DE02-4D8B-A7DB-8D83F89385BE}.Debug|Any CPU.Build.0 = Debug|Any CPU
		{9E11E15E-DE02-4D8B-A7DB-8D83F89385BE}.Release|Any CPU.ActiveCfg = Release|Any CPU
		{9E11E15E-DE02-4D8B-A7DB-8D83F89385BE}.Release|Any CPU.Build.0 = Release|Any CPU
		{EA8CB6CC-2F43-40A2-B195-9E15358C476A}.Debug|Any CPU.ActiveCfg = Debug|Any CPU
		{EA8CB6CC-2F43-40A2-B195-9E15358C476A}.Debug|Any CPU.Build.0 = Debug|Any CPU
		{EA8CB6CC-2F43-40A2-B195-9E15358C476A}.Release|Any CPU.ActiveCfg = Release|Any CPU
		{EA8CB6CC-2F43-40A2-B195-9E15358C476A}.Release|Any CPU.Build.0 = Release|Any CPU
		{138EFA49-C25B-40AF-A592-2B7B36AAC4E9}.Debug|Any CPU.ActiveCfg = Debug|Any CPU
		{138EFA49-C25B-40AF-A592-2B7B36AAC4E9}.Debug|Any CPU.Build.0 = Debug|Any CPU
		{138EFA49-C25B-40AF-A592-2B7B36AAC4E9}.Release|Any CPU.ActiveCfg = Release|Any CPU
		{138EFA49-C25B-40AF-A592-2B7B36AAC4E9}.Release|Any CPU.Build.0 = Release|Any CPU
		{5AAF4122-95BF-4036-B142-E827C1061248}.Debug|Any CPU.ActiveCfg = Debug|Any CPU
		{5AAF4122-95BF-4036-B142-E827C1061248}.Debug|Any CPU.Build.0 = Debug|Any CPU
		{5AAF4122-95BF-4036-B142-E827C1061248}.Release|Any CPU.ActiveCfg = Release|Any CPU
		{5AAF4122-95BF-4036-B142-E827C1061248}.Release|Any CPU.Build.0 = Release|Any CPU
		{7940CF70-2163-4FB7-99B4-99E0F16DC46F}.Debug|Any CPU.ActiveCfg = Debug|Any CPU
		{7940CF70-2163-4FB7-99B4-99E0F16DC46F}.Debug|Any CPU.Build.0 = Debug|Any CPU
		{7940CF70-2163-4FB7-99B4-99E0F16DC46F}.Release|Any CPU.ActiveCfg = Release|Any CPU
		{7940CF70-2163-4FB7-99B4-99E0F16DC46F}.Release|Any CPU.Build.0 = Release|Any CPU
		{DBFA755A-CBE3-4035-9E14-325F76908D1F}.Debug|Any CPU.ActiveCfg = Debug|Any CPU
		{DBFA755A-CBE3-4035-9E14-325F76908D1F}.Debug|Any CPU.Build.0 = Debug|Any CPU
		{DBFA755A-CBE3-4035-9E14-325F76908D1F}.Release|Any CPU.ActiveCfg = Release|Any CPU
		{DBFA755A-CBE3-4035-9E14-325F76908D1F}.Release|Any CPU.Build.0 = Release|Any CPU
		{1B6954AE-08BC-4A78-9F03-CE4293AB3E78}.Debug|Any CPU.ActiveCfg = Debug|Any CPU
		{1B6954AE-08BC-4A78-9F03-CE4293AB3E78}.Debug|Any CPU.Build.0 = Debug|Any CPU
		{1B6954AE-08BC-4A78-9F03-CE4293AB3E78}.Release|Any CPU.ActiveCfg = Release|Any CPU
		{1B6954AE-08BC-4A78-9F03-CE4293AB3E78}.Release|Any CPU.Build.0 = Release|Any CPU
		{AE08D4D3-3982-4F14-ACF0-0F25109D927E}.Debug|Any CPU.ActiveCfg = Debug|Any CPU
		{AE08D4D3-3982-4F14-ACF0-0F25109D927E}.Debug|Any CPU.Build.0 = Debug|Any CPU
		{AE08D4D3-3982-4F14-ACF0-0F25109D927E}.Release|Any CPU.ActiveCfg = Release|Any CPU
		{AE08D4D3-3982-4F14-ACF0-0F25109D927E}.Release|Any CPU.Build.0 = Release|Any CPU
		{2C8633F0-8877-4276-85D7-672A7A522994}.Debug|Any CPU.ActiveCfg = Debug|Any CPU
		{2C8633F0-8877-4276-85D7-672A7A522994}.Debug|Any CPU.Build.0 = Debug|Any CPU
		{2C8633F0-8877-4276-85D7-672A7A522994}.Release|Any CPU.ActiveCfg = Release|Any CPU
		{2C8633F0-8877-4276-85D7-672A7A522994}.Release|Any CPU.Build.0 = Release|Any CPU
		{9D6BD084-CBC0-426F-92FF-A837792F030F}.Debug|Any CPU.ActiveCfg = Debug|Any CPU
		{9D6BD084-CBC0-426F-92FF-A837792F030F}.Debug|Any CPU.Build.0 = Debug|Any CPU
		{9D6BD084-CBC0-426F-92FF-A837792F030F}.Release|Any CPU.ActiveCfg = Release|Any CPU
		{9D6BD084-CBC0-426F-92FF-A837792F030F}.Release|Any CPU.Build.0 = Release|Any CPU
		{DEFEC808-A17A-4E0D-8082-E390CDD5ED1F}.Debug|Any CPU.ActiveCfg = Debug|Any CPU
		{DEFEC808-A17A-4E0D-8082-E390CDD5ED1F}.Debug|Any CPU.Build.0 = Debug|Any CPU
		{DEFEC808-A17A-4E0D-8082-E390CDD5ED1F}.Release|Any CPU.ActiveCfg = Release|Any CPU
		{DEFEC808-A17A-4E0D-8082-E390CDD5ED1F}.Release|Any CPU.Build.0 = Release|Any CPU
		{3ED13022-3EE0-4158-8DA5-89136DE5FA1A}.Debug|Any CPU.ActiveCfg = Debug|Any CPU
		{3ED13022-3EE0-4158-8DA5-89136DE5FA1A}.Debug|Any CPU.Build.0 = Debug|Any CPU
		{3ED13022-3EE0-4158-8DA5-89136DE5FA1A}.Release|Any CPU.ActiveCfg = Release|Any CPU
		{3ED13022-3EE0-4158-8DA5-89136DE5FA1A}.Release|Any CPU.Build.0 = Release|Any CPU
		{E759FB67-F09C-4B99-A88E-462ED5F4AC92}.Debug|Any CPU.ActiveCfg = Debug|Any CPU
		{E759FB67-F09C-4B99-A88E-462ED5F4AC92}.Debug|Any CPU.Build.0 = Debug|Any CPU
		{E759FB67-F09C-4B99-A88E-462ED5F4AC92}.Release|Any CPU.ActiveCfg = Release|Any CPU
		{E759FB67-F09C-4B99-A88E-462ED5F4AC92}.Release|Any CPU.Build.0 = Release|Any CPU
		{46923CF3-E49E-42DE-BC50-B38E2CB7D5E4}.Debug|Any CPU.ActiveCfg = Debug|Any CPU
		{46923CF3-E49E-42DE-BC50-B38E2CB7D5E4}.Debug|Any CPU.Build.0 = Debug|Any CPU
		{46923CF3-E49E-42DE-BC50-B38E2CB7D5E4}.Release|Any CPU.ActiveCfg = Release|Any CPU
		{46923CF3-E49E-42DE-BC50-B38E2CB7D5E4}.Release|Any CPU.Build.0 = Release|Any CPU
		{F7BB3FCB-54BF-4662-B4CD-239F4BF3550D}.Debug|Any CPU.ActiveCfg = Debug|Any CPU
		{F7BB3FCB-54BF-4662-B4CD-239F4BF3550D}.Debug|Any CPU.Build.0 = Debug|Any CPU
		{F7BB3FCB-54BF-4662-B4CD-239F4BF3550D}.Release|Any CPU.ActiveCfg = Release|Any CPU
		{F7BB3FCB-54BF-4662-B4CD-239F4BF3550D}.Release|Any CPU.Build.0 = Release|Any CPU
		{91505096-220D-4890-9994-400EE9222BC7}.Debug|Any CPU.ActiveCfg = Debug|Any CPU
		{91505096-220D-4890-9994-400EE9222BC7}.Debug|Any CPU.Build.0 = Debug|Any CPU
		{91505096-220D-4890-9994-400EE9222BC7}.Release|Any CPU.ActiveCfg = Release|Any CPU
		{91505096-220D-4890-9994-400EE9222BC7}.Release|Any CPU.Build.0 = Release|Any CPU
		{AA5B42E1-8455-4F68-B989-54BA0D462888}.Debug|Any CPU.ActiveCfg = Debug|Any CPU
		{AA5B42E1-8455-4F68-B989-54BA0D462888}.Debug|Any CPU.Build.0 = Debug|Any CPU
		{AA5B42E1-8455-4F68-B989-54BA0D462888}.Release|Any CPU.ActiveCfg = Release|Any CPU
		{AA5B42E1-8455-4F68-B989-54BA0D462888}.Release|Any CPU.Build.0 = Release|Any CPU
	EndGlobalSection
	GlobalSection(SolutionProperties) = preSolution
		HideSolutionNode = FALSE
	EndGlobalSection
	GlobalSection(NestedProjects) = preSolution
		{AE08D4D3-3982-4F14-ACF0-0F25109D927E} = {103872BB-491A-4021-B398-5C1803BB34A3}
		{2C8633F0-8877-4276-85D7-672A7A522994} = {A739C4CF-30D4-4DFD-9171-677C582AD54B}
		{9D6BD084-CBC0-426F-92FF-A837792F030F} = {A739C4CF-30D4-4DFD-9171-677C582AD54B}
		{DEFEC808-A17A-4E0D-8082-E390CDD5ED1F} = {950788CA-8651-4301-BB1E-7741952AD7EA}
		{3ED13022-3EE0-4158-8DA5-89136DE5FA1A} = {950788CA-8651-4301-BB1E-7741952AD7EA}
		{E759FB67-F09C-4B99-A88E-462ED5F4AC92} = {950788CA-8651-4301-BB1E-7741952AD7EA}
		{46923CF3-E49E-42DE-BC50-B38E2CB7D5E4} = {950788CA-8651-4301-BB1E-7741952AD7EA}
		{F7BB3FCB-54BF-4662-B4CD-239F4BF3550D} = {950788CA-8651-4301-BB1E-7741952AD7EA}
		{91505096-220D-4890-9994-400EE9222BC7} = {764D36EE-1713-4A11-866B-CE16ED17D765}
		{AA5B42E1-8455-4F68-B989-54BA0D462888} = {6595C393-31B2-4457-B017-28B13CD06418}
	EndGlobalSection
	GlobalSection(ExtensibilityGlobals) = postSolution
		SolutionGuid = {05FBE4D5-42B2-4D70-9B6D-251B8C7E7FF4}
	EndGlobalSection
EndGlobal
