
Microsoft Visual Studio Solution File, Format Version 12.00
# Visual Studio Version 16
VisualStudioVersion = 16.0.30309.148
MinimumVisualStudioVersion = 10.0.40219.1
Project("{FAE04EC0-301F-11D3-BF4B-00C04F79EFBC}") = "GameCoreV2", "GameCoreV2\GameCoreV2.csproj", "{A6572F79-3B81-4E49-A951-D07397BDC4F5}"
	ProjectSection(ProjectDependencies) = postProject
		{9E11E15E-DE02-4D8B-A7DB-8D83F89385BE} = {9E11E15E-DE02-4D8B-A7DB-8D83F89385BE}
		{EA8CB6CC-2F43-40A2-B195-9E15358C476A} = {EA8CB6CC-2F43-40A2-B195-9E15358C476A}
	EndProjectSection
EndProject
Project("{FAE04EC0-301F-11D3-BF4B-00C04F79EFBC}") = "Systems", "System\Systems.csproj", "{9E11E15E-DE02-4D8B-A7DB-8D83F89385BE}"
EndProject
Project("{FAE04EC0-301F-11D3-BF4B-00C04F79EFBC}") = "MdpLib", "MdpLib\MdpLib.csproj", "{EA8CB6CC-2F43-40A2-B195-9E15358C476A}"
EndProject
Project("{FAE04EC0-301F-11D3-BF4B-00C04F79EFBC}") = "SystemT", "SystemT\SystemT.csproj", "{138EFA49-C25B-40AF-A592-2B7B36AAC4E9}"
EndProject
Project("{FAE04EC0-301F-11D3-BF4B-00C04F79EFBC}") = "ModLoader", "ModLoader\ModLoader.csproj", "{5AAF4122-95BF-4036-B142-E827C1061248}"
EndProject
Project("{FAE04EC0-301F-11D3-BF4B-00C04F79EFBC}") = "Configuration", "Configuration\Configuration.csproj", "{7940CF70-2163-4FB7-99B4-99E0F16DC46F}"
EndProject
Project("{FAE04EC0-301F-11D3-BF4B-00C04F79EFBC}") = "TMdpGenerator", "TMdpGenerator\TMdpGenerator.csproj", "{DBFA755A-CBE3-4035-9E14-325F76908D1F}"
EndProject
Project("{FAE04EC0-301F-11D3-BF4B-00C04F79EFBC}") = "Serialization", "Serialization\Serialization.csproj", "{1B6954AE-08BC-4A78-9F03-CE4293AB3E78}"
EndProject
Project("{2150E333-8FDC-42A3-9474-1A3956D46DE8}") = "BuildingSystems", "BuildingSystems", "{103872BB-491A-4021-B398-5C1803BB34A3}"
EndProject
Project("{FAE04EC0-301F-11D3-BF4B-00C04F79EFBC}") = "Grid", "BuildingSystems\Grid\Grid.csproj", "{AE08D4D3-3982-4F14-ACF0-0F25109D927E}"
EndProject
Project("{2150E333-8FDC-42A3-9474-1A3956D46DE8}") = "GameScripting", "GameScripting", "{A739C4CF-30D4-4DFD-9171-677C582AD54B}"
EndProject
Project("{FAE04EC0-301F-11D3-BF4B-00C04F79EFBC}") = "Python", "GameScripting\PythonScripting\Python.csproj", "{2C8633F0-8877-4276-85D7-672A7A522994}"
EndProject
Project("{FAE04EC0-301F-11D3-BF4B-00C04F79EFBC}") = "PythonEnvironment", "GameScripting\PythonEnvironment\PythonEnvironment.csproj", "{9D6BD084-CBC0-426F-92FF-A837792F030F}"
EndProject
Project("{FAE04EC0-301F-11D3-BF4B-00C04F79EFBC}") = "Multiplayer", "Multiplayer\Multiplayer.csproj", "{F5C2C671-24AB-4D76-92A2-651E0743B781}"
EndProject
Project("{FAE04EC0-301F-11D3-BF4B-00C04F79EFBC}") = "GameServer", "GameServer\GameServer.csproj", "{2202ADCC-5A32-4EAB-A33E-EF56DB68C002}"
EndProject
Project("{2150E333-8FDC-42A3-9474-1A3956D46DE8}") = "Multiplayer", "Multiplayer", "{950788CA-8651-4301-BB1E-7741952AD7EA}"
EndProject
Project("{FAE04EC0-301F-11D3-BF4B-00C04F79EFBC}") = "GameClient", "GameClient\GameClient.csproj", "{9642026A-29FA-42F2-857A-D60DE5CA1C30}"
EndProject
Global
	GlobalSection(SolutionConfigurationPlatforms) = preSolution
		Debug|Any CPU = Debug|Any CPU
		Release|Any CPU = Release|Any CPU
	EndGlobalSection
	GlobalSection(ProjectConfigurationPlatforms) = postSolution
		{A6572F79-3B81-4E49-A951-D07397BDC4F5}.Debug|Any CPU.ActiveCfg = Debug|Any CPU
		{A6572F79-3B81-4E49-A951-D07397BDC4F5}.Debug|Any CPU.Build.0 = Debug|Any CPU
		{A6572F79-3B81-4E49-A951-D07397BDC4F5}.Release|Any CPU.ActiveCfg = Release|Any CPU
		{A6572F79-3B81-4E49-A951-D07397BDC4F5}.Release|Any CPU.Build.0 = Release|Any CPU
		{9E11E15E-DE02-4D8B-A7DB-8D83F89385BE}.Debug|Any CPU.ActiveCfg = Debug|Any CPU
		{9E11E15E-DE02-4D8B-A7DB-8D83F89385BE}.Debug|Any CPU.Build.0 = Debug|Any CPU
		{9E11E15E-DE02-4D8B-A7DB-8D83F89385BE}.Release|Any CPU.ActiveCfg = Release|Any CPU
		{9E11E15E-DE02-4D8B-A7DB-8D83F89385BE}.Release|Any CPU.Build.0 = Release|Any CPU
		{EA8CB6CC-2F43-40A2-B195-9E15358C476A}.Debug|Any CPU.ActiveCfg = Debug|Any CPU
		{EA8CB6CC-2F43-40A2-B195-9E15358C476A}.Debug|Any CPU.Build.0 = Debug|Any CPU
		{EA8CB6CC-2F43-40A2-B195-9E15358C476A}.Release|Any CPU.ActiveCfg = Release|Any CPU
		{EA8CB6CC-2F43-40A2-B195-9E15358C476A}.Release|Any CPU.Build.0 = Release|Any CPU
		{138EFA49-C25B-40AF-A592-2B7B36AAC4E9}.Debug|Any CPU.ActiveCfg = Debug|Any CPU
		{138EFA49-C25B-40AF-A592-2B7B36AAC4E9}.Debug|Any CPU.Build.0 = Debug|Any CPU
		{138EFA49-C25B-40AF-A592-2B7B36AAC4E9}.Release|Any CPU.ActiveCfg = Release|Any CPU
		{138EFA49-C25B-40AF-A592-2B7B36AAC4E9}.Release|Any CPU.Build.0 = Release|Any CPU
		{5AAF4122-95BF-4036-B142-E827C1061248}.Debug|Any CPU.ActiveCfg = Debug|Any CPU
		{5AAF4122-95BF-4036-B142-E827C1061248}.Debug|Any CPU.Build.0 = Debug|Any CPU
		{5AAF4122-95BF-4036-B142-E827C1061248}.Release|Any CPU.ActiveCfg = Release|Any CPU
		{5AAF4122-95BF-4036-B142-E827C1061248}.Release|Any CPU.Build.0 = Release|Any CPU
		{7940CF70-2163-4FB7-99B4-99E0F16DC46F}.Debug|Any CPU.ActiveCfg = Debug|Any CPU
		{7940CF70-2163-4FB7-99B4-99E0F16DC46F}.Debug|Any CPU.Build.0 = Debug|Any CPU
		{7940CF70-2163-4FB7-99B4-99E0F16DC46F}.Release|Any CPU.ActiveCfg = Release|Any CPU
		{7940CF70-2163-4FB7-99B4-99E0F16DC46F}.Release|Any CPU.Build.0 = Release|Any CPU
		{DBFA755A-CBE3-4035-9E14-325F76908D1F}.Debug|Any CPU.ActiveCfg = Debug|Any CPU
		{DBFA755A-CBE3-4035-9E14-325F76908D1F}.Debug|Any CPU.Build.0 = Debug|Any CPU
		{DBFA755A-CBE3-4035-9E14-325F76908D1F}.Release|Any CPU.ActiveCfg = Release|Any CPU
		{DBFA755A-CBE3-4035-9E14-325F76908D1F}.Release|Any CPU.Build.0 = Release|Any CPU
		{1B6954AE-08BC-4A78-9F03-CE4293AB3E78}.Debug|Any CPU.ActiveCfg = Debug|Any CPU
		{1B6954AE-08BC-4A78-9F03-CE4293AB3E78}.Debug|Any CPU.Build.0 = Debug|Any CPU
		{1B6954AE-08BC-4A78-9F03-CE4293AB3E78}.Release|Any CPU.ActiveCfg = Release|Any CPU
		{1B6954AE-08BC-4A78-9F03-CE4293AB3E78}.Release|Any CPU.Build.0 = Release|Any CPU
		{AE08D4D3-3982-4F14-ACF0-0F25109D927E}.Debug|Any CPU.ActiveCfg = Debug|Any CPU
		{AE08D4D3-3982-4F14-ACF0-0F25109D927E}.Debug|Any CPU.Build.0 = Debug|Any CPU
		{AE08D4D3-3982-4F14-ACF0-0F25109D927E}.Release|Any CPU.ActiveCfg = Release|Any CPU
		{AE08D4D3-3982-4F14-ACF0-0F25109D927E}.Release|Any CPU.Build.0 = Release|Any CPU
		{2C8633F0-8877-4276-85D7-672A7A522994}.Debug|Any CPU.ActiveCfg = Debug|Any CPU
		{2C8633F0-8877-4276-85D7-672A7A522994}.Debug|Any CPU.Build.0 = Debug|Any CPU
		{2C8633F0-8877-4276-85D7-672A7A522994}.Release|Any CPU.ActiveCfg = Release|Any CPU
		{2C8633F0-8877-4276-85D7-672A7A522994}.Release|Any CPU.Build.0 = Release|Any CPU
		{9D6BD084-CBC0-426F-92FF-A837792F030F}.Debug|Any CPU.ActiveCfg = Debug|Any CPU
		{9D6BD084-CBC0-426F-92FF-A837792F030F}.Debug|Any CPU.Build.0 = Debug|Any CPU
		{9D6BD084-CBC0-426F-92FF-A837792F030F}.Release|Any CPU.ActiveCfg = Release|Any CPU
		{9D6BD084-CBC0-426F-92FF-A837792F030F}.Release|Any CPU.Build.0 = Release|Any CPU
		{F5C2C671-24AB-4D76-92A2-651E0743B781}.Debug|Any CPU.ActiveCfg = Debug|Any CPU
		{F5C2C671-24AB-4D76-92A2-651E0743B781}.Debug|Any CPU.Build.0 = Debug|Any CPU
		{F5C2C671-24AB-4D76-92A2-651E0743B781}.Release|Any CPU.ActiveCfg = Release|Any CPU
		{F5C2C671-24AB-4D76-92A2-651E0743B781}.Release|Any CPU.Build.0 = Release|Any CPU
		{2202ADCC-5A32-4EAB-A33E-EF56DB68C002}.Debug|Any CPU.ActiveCfg = Debug|Any CPU
		{2202ADCC-5A32-4EAB-A33E-EF56DB68C002}.Debug|Any CPU.Build.0 = Debug|Any CPU
		{2202ADCC-5A32-4EAB-A33E-EF56DB68C002}.Release|Any CPU.ActiveCfg = Release|Any CPU
		{2202ADCC-5A32-4EAB-A33E-EF56DB68C002}.Release|Any CPU.Build.0 = Release|Any CPU
		{9642026A-29FA-42F2-857A-D60DE5CA1C30}.Debug|Any CPU.ActiveCfg = Debug|Any CPU
		{9642026A-29FA-42F2-857A-D60DE5CA1C30}.Debug|Any CPU.Build.0 = Debug|Any CPU
		{9642026A-29FA-42F2-857A-D60DE5CA1C30}.Release|Any CPU.ActiveCfg = Release|Any CPU
		{9642026A-29FA-42F2-857A-D60DE5CA1C30}.Release|Any CPU.Build.0 = Release|Any CPU
	EndGlobalSection
	GlobalSection(SolutionProperties) = preSolution
		HideSolutionNode = FALSE
	EndGlobalSection
	GlobalSection(NestedProjects) = preSolution
		{AE08D4D3-3982-4F14-ACF0-0F25109D927E} = {103872BB-491A-4021-B398-5C1803BB34A3}
		{2C8633F0-8877-4276-85D7-672A7A522994} = {A739C4CF-30D4-4DFD-9171-677C582AD54B}
		{9D6BD084-CBC0-426F-92FF-A837792F030F} = {A739C4CF-30D4-4DFD-9171-677C582AD54B}
		{F5C2C671-24AB-4D76-92A2-651E0743B781} = {950788CA-8651-4301-BB1E-7741952AD7EA}
		{2202ADCC-5A32-4EAB-A33E-EF56DB68C002} = {950788CA-8651-4301-BB1E-7741952AD7EA}
		{9642026A-29FA-42F2-857A-D60DE5CA1C30} = {950788CA-8651-4301-BB1E-7741952AD7EA}
	EndGlobalSection
	GlobalSection(ExtensibilityGlobals) = postSolution
		SolutionGuid = {05FBE4D5-42B2-4D70-9B6D-251B8C7E7FF4}
	EndGlobalSection
EndGlobal
